
Microsoft Visual Studio Solution File, Format Version 12.00
# Visual Studio Version 17
VisualStudioVersion = 17.8.34330.188
MinimumVisualStudioVersion = 10.0.40219.1
Project("{54A90642-561A-4BB1-A94E-469ADEE60C69}") = "reactproject1", "reactproject1\reactproject1.esproj", "{5252444E-8E48-4821-8E3D-4D9ECA4361FD}"
EndProject
Global
	GlobalSection(SolutionConfigurationPlatforms) = preSolution
		Debug|Any CPU = Debug|Any CPU
		Release|Any CPU = Release|Any CPU
	EndGlobalSection
	GlobalSection(ProjectConfigurationPlatforms) = postSolution
		{5252444E-8E48-4821-8E3D-4D9ECA4361FD}.Debug|Any CPU.ActiveCfg = Debug|Any CPU
		{5252444E-8E48-4821-8E3D-4D9ECA4361FD}.Debug|Any CPU.Build.0 = Debug|Any CPU
		{5252444E-8E48-4821-8E3D-4D9ECA4361FD}.Debug|Any CPU.Deploy.0 = Debug|Any CPU
		{5252444E-8E48-4821-8E3D-4D9ECA4361FD}.Release|Any CPU.ActiveCfg = Release|Any CPU
		{5252444E-8E48-4821-8E3D-4D9ECA4361FD}.Release|Any CPU.Build.0 = Release|Any CPU
		{5252444E-8E48-4821-8E3D-4D9ECA4361FD}.Release|Any CPU.Deploy.0 = Release|Any CPU
	EndGlobalSection
	GlobalSection(SolutionProperties) = preSolution
		HideSolutionNode = FALSE
	EndGlobalSection
	GlobalSection(ExtensibilityGlobals) = postSolution
		SolutionGuid = {F88BC54B-8650-4985-8E13-94FE432EAC8E}
	EndGlobalSection
EndGlobal
